
Microsoft Visual Studio Solution File, Format Version 12.00
# Visual Studio 15
VisualStudioVersion = 15.0.28010.2048
MinimumVisualStudioVersion = 10.0.40219.1
Project("{FAE04EC0-301F-11D3-BF4B-00C04F79EFBC}") = "DesktopSampleRunner", "DesktopSampleRunner\DesktopSampleRunner.csproj", "{C863FF01-4A90-4646-BAD2-292406CC6DA0}"
EndProject
Project("{FAE04EC0-301F-11D3-BF4B-00C04F79EFBC}") = "PasPasPas.Desktop", "PasPasPas.Desktop\PasPasPas.Desktop.csproj", "{1D6A0F73-BDD9-43EF-A932-B9FE2D365D2F}"
EndProject
Project("{FAE04EC0-301F-11D3-BF4B-00C04F79EFBC}") = "P3SyntaxTreeViewer", "P3SyntaxTreeViewer\P3SyntaxTreeViewer.csproj", "{B3649E9A-4BCC-437B-B233-D4C71A175E66}"
EndProject
Global
	GlobalSection(SolutionConfigurationPlatforms) = preSolution
		Debug|Any CPU = Debug|Any CPU
		Debug|x64 = Debug|x64
		Release|Any CPU = Release|Any CPU
		Release|x64 = Release|x64
	EndGlobalSection
	GlobalSection(ProjectConfigurationPlatforms) = postSolution
		{C863FF01-4A90-4646-BAD2-292406CC6DA0}.Debug|Any CPU.ActiveCfg = Debug|Any CPU
		{C863FF01-4A90-4646-BAD2-292406CC6DA0}.Debug|Any CPU.Build.0 = Debug|Any CPU
		{C863FF01-4A90-4646-BAD2-292406CC6DA0}.Debug|x64.ActiveCfg = Debug|x64
		{C863FF01-4A90-4646-BAD2-292406CC6DA0}.Debug|x64.Build.0 = Debug|x64
		{C863FF01-4A90-4646-BAD2-292406CC6DA0}.Release|Any CPU.ActiveCfg = Release|Any CPU
		{C863FF01-4A90-4646-BAD2-292406CC6DA0}.Release|Any CPU.Build.0 = Release|Any CPU
		{C863FF01-4A90-4646-BAD2-292406CC6DA0}.Release|x64.ActiveCfg = Release|x64
		{C863FF01-4A90-4646-BAD2-292406CC6DA0}.Release|x64.Build.0 = Release|x64
		{1D6A0F73-BDD9-43EF-A932-B9FE2D365D2F}.Debug|Any CPU.ActiveCfg = Debug|Any CPU
		{1D6A0F73-BDD9-43EF-A932-B9FE2D365D2F}.Debug|Any CPU.Build.0 = Debug|Any CPU
		{1D6A0F73-BDD9-43EF-A932-B9FE2D365D2F}.Debug|x64.ActiveCfg = Debug|Any CPU
		{1D6A0F73-BDD9-43EF-A932-B9FE2D365D2F}.Debug|x64.Build.0 = Debug|Any CPU
		{1D6A0F73-BDD9-43EF-A932-B9FE2D365D2F}.Release|Any CPU.ActiveCfg = Release|Any CPU
		{1D6A0F73-BDD9-43EF-A932-B9FE2D365D2F}.Release|Any CPU.Build.0 = Release|Any CPU
		{1D6A0F73-BDD9-43EF-A932-B9FE2D365D2F}.Release|x64.ActiveCfg = Release|Any CPU
		{1D6A0F73-BDD9-43EF-A932-B9FE2D365D2F}.Release|x64.Build.0 = Release|Any CPU
		{B3649E9A-4BCC-437B-B233-D4C71A175E66}.Debug|Any CPU.ActiveCfg = Debug|Any CPU
		{B3649E9A-4BCC-437B-B233-D4C71A175E66}.Debug|Any CPU.Build.0 = Debug|Any CPU
		{B3649E9A-4BCC-437B-B233-D4C71A175E66}.Debug|x64.ActiveCfg = Debug|Any CPU
		{B3649E9A-4BCC-437B-B233-D4C71A175E66}.Debug|x64.Build.0 = Debug|Any CPU
		{B3649E9A-4BCC-437B-B233-D4C71A175E66}.Release|Any CPU.ActiveCfg = Release|Any CPU
		{B3649E9A-4BCC-437B-B233-D4C71A175E66}.Release|Any CPU.Build.0 = Release|Any CPU
		{B3649E9A-4BCC-437B-B233-D4C71A175E66}.Release|x64.ActiveCfg = Release|Any CPU
		{B3649E9A-4BCC-437B-B233-D4C71A175E66}.Release|x64.Build.0 = Release|Any CPU
	EndGlobalSection
	GlobalSection(SolutionProperties) = preSolution
		HideSolutionNode = FALSE
	EndGlobalSection
	GlobalSection(ExtensibilityGlobals) = postSolution
		SolutionGuid = {9461D4D6-2B67-4EF0-B8E3-2937C6AA0EAF}
	EndGlobalSection
EndGlobal
