
Microsoft Visual Studio Solution File, Format Version 12.00
# Visual Studio Version 16
VisualStudioVersion = 16.0.28803.352
MinimumVisualStudioVersion = 10.0.40219.1
Project("{2150E333-8FDC-42A3-9474-1A3956D46DE8}") = "Core", "Core", "{AC53D98C-87A1-42D9-859E-4182316C25AB}"
EndProject
Project("{9A19103F-16F7-4668-BE54-9A1E7A4F7556}") = "PasPasPas.Infrastructure", "PasPasPas.Infrastructure\PasPasPas.Infrastructure.csproj", "{4CEF569A-4ECE-42EE-847B-5029958F757C}"
EndProject
Project("{9A19103F-16F7-4668-BE54-9A1E7A4F7556}") = "PasPasPas.Options", "Paspaspas.Options\PasPasPas.Options.csproj", "{677A19C0-B2D4-4153-8DC9-0713C7193ECE}"
EndProject
Project("{9A19103F-16F7-4668-BE54-9A1E7A4F7556}") = "PasPasPas.Parsing", "PasPasPas.Parsing\PasPasPas.Parsing.csproj", "{EFA1DA73-0C34-4BFB-9006-DCFFA12218ED}"
EndProject
Project("{2150E333-8FDC-42A3-9474-1A3956D46DE8}") = "Tests", "Tests", "{F28AC463-2553-4704-AE77-B9A356E953BC}"
EndProject
Project("{9A19103F-16F7-4668-BE54-9A1E7A4F7556}") = "PasPasPasTests", "PasPasPasTests\PasPasPasTests.csproj", "{3767F617-68CB-49CD-9ADB-828C4E2D4D73}"
EndProject
Project("{9A19103F-16F7-4668-BE54-9A1E7A4F7556}") = "PasPasPas.Building", "PasPasPas.Building\PasPasPas.Building.csproj", "{EEB2B9DC-E131-46CF-AAC3-6AB662D67DBE}"
EndProject
Project("{9A19103F-16F7-4668-BE54-9A1E7A4F7556}") = "PasPasPas.Typings", "PasPasPas.Typings\PasPasPas.Typings.csproj", "{E22933E4-0571-4997-93DD-AAE65FF517F7}"
EndProject
Project("{9A19103F-16F7-4668-BE54-9A1E7A4F7556}") = "PasPasPas.Api", "PasPasPas.Api\PasPasPas.Api.csproj", "{CF92A709-525F-450E-858F-A6AD8EDC16BA}"
EndProject
Project("{9A19103F-16F7-4668-BE54-9A1E7A4F7556}") = "SampleRunner", "SampleRunner\SampleRunner.csproj", "{F549AE41-5B0F-4F46-B11C-3A9D27F749FB}"
EndProject
Project("{2150E333-8FDC-42A3-9474-1A3956D46DE8}") = "Solution Items", "Solution Items", "{6B6D4165-F97B-4E5D-A14B-ABEEB0C8FC9F}"
	ProjectSection(SolutionItems) = preProject
		.codecov.yml = .codecov.yml
		.editorconfig = .editorconfig
		.travis.yml = .travis.yml
		Common.targets = Common.targets
		PasPasPas.ruleset = PasPasPas.ruleset
		paspaspas.sln.vsspell = paspaspas.sln.vsspell
		PasPasPas.Testing.ruleset = PasPasPas.Testing.ruleset
	EndProjectSection
EndProject
Project("{9A19103F-16F7-4668-BE54-9A1E7A4F7556}") = "PasPasPas.Runtime", "PasPasPas.Runtime\PasPasPas.Runtime.csproj", "{3CE7B602-8AE0-43EC-9FC4-4D2AF3ED27B3}"
EndProject
Project("{9A19103F-16F7-4668-BE54-9A1E7A4F7556}") = "PasPasPas.Globals", "PasPasPas.Global\PasPasPas.Globals.csproj", "{7A2FF93E-975A-4F2B-87B7-49C97FDA316F}"
EndProject
Project("{9A19103F-16F7-4668-BE54-9A1E7A4F7556}") = "PasPasPas.AssemblyBuilder", "PasPasPas.AssemblyBuilder\PasPasPas.AssemblyBuilder.csproj", "{B9F02A14-1BBB-4A29-84BE-5B8155D92000}"
EndProject
Global
	GlobalSection(SolutionConfigurationPlatforms) = preSolution
		Debug|Any CPU = Debug|Any CPU
		Debug|x64 = Debug|x64
		Release|Any CPU = Release|Any CPU
		Release|x64 = Release|x64
	EndGlobalSection
	GlobalSection(ProjectConfigurationPlatforms) = postSolution
		{4CEF569A-4ECE-42EE-847B-5029958F757C}.Debug|Any CPU.ActiveCfg = Debug|Any CPU
		{4CEF569A-4ECE-42EE-847B-5029958F757C}.Debug|Any CPU.Build.0 = Debug|Any CPU
		{4CEF569A-4ECE-42EE-847B-5029958F757C}.Debug|x64.ActiveCfg = Debug|Any CPU
		{4CEF569A-4ECE-42EE-847B-5029958F757C}.Debug|x64.Build.0 = Debug|Any CPU
		{4CEF569A-4ECE-42EE-847B-5029958F757C}.Release|Any CPU.ActiveCfg = Release|Any CPU
		{4CEF569A-4ECE-42EE-847B-5029958F757C}.Release|Any CPU.Build.0 = Release|Any CPU
		{4CEF569A-4ECE-42EE-847B-5029958F757C}.Release|x64.ActiveCfg = Release|Any CPU
		{4CEF569A-4ECE-42EE-847B-5029958F757C}.Release|x64.Build.0 = Release|Any CPU
		{677A19C0-B2D4-4153-8DC9-0713C7193ECE}.Debug|Any CPU.ActiveCfg = Debug|Any CPU
		{677A19C0-B2D4-4153-8DC9-0713C7193ECE}.Debug|Any CPU.Build.0 = Debug|Any CPU
		{677A19C0-B2D4-4153-8DC9-0713C7193ECE}.Debug|x64.ActiveCfg = Debug|Any CPU
		{677A19C0-B2D4-4153-8DC9-0713C7193ECE}.Debug|x64.Build.0 = Debug|Any CPU
		{677A19C0-B2D4-4153-8DC9-0713C7193ECE}.Release|Any CPU.ActiveCfg = Release|Any CPU
		{677A19C0-B2D4-4153-8DC9-0713C7193ECE}.Release|Any CPU.Build.0 = Release|Any CPU
		{677A19C0-B2D4-4153-8DC9-0713C7193ECE}.Release|x64.ActiveCfg = Release|Any CPU
		{677A19C0-B2D4-4153-8DC9-0713C7193ECE}.Release|x64.Build.0 = Release|Any CPU
		{EFA1DA73-0C34-4BFB-9006-DCFFA12218ED}.Debug|Any CPU.ActiveCfg = Debug|Any CPU
		{EFA1DA73-0C34-4BFB-9006-DCFFA12218ED}.Debug|Any CPU.Build.0 = Debug|Any CPU
		{EFA1DA73-0C34-4BFB-9006-DCFFA12218ED}.Debug|x64.ActiveCfg = Debug|Any CPU
		{EFA1DA73-0C34-4BFB-9006-DCFFA12218ED}.Debug|x64.Build.0 = Debug|Any CPU
		{EFA1DA73-0C34-4BFB-9006-DCFFA12218ED}.Release|Any CPU.ActiveCfg = Release|Any CPU
		{EFA1DA73-0C34-4BFB-9006-DCFFA12218ED}.Release|Any CPU.Build.0 = Release|Any CPU
		{EFA1DA73-0C34-4BFB-9006-DCFFA12218ED}.Release|x64.ActiveCfg = Release|Any CPU
		{EFA1DA73-0C34-4BFB-9006-DCFFA12218ED}.Release|x64.Build.0 = Release|Any CPU
		{3767F617-68CB-49CD-9ADB-828C4E2D4D73}.Debug|Any CPU.ActiveCfg = Debug|Any CPU
		{3767F617-68CB-49CD-9ADB-828C4E2D4D73}.Debug|Any CPU.Build.0 = Debug|Any CPU
		{3767F617-68CB-49CD-9ADB-828C4E2D4D73}.Debug|x64.ActiveCfg = Debug|Any CPU
		{3767F617-68CB-49CD-9ADB-828C4E2D4D73}.Debug|x64.Build.0 = Debug|Any CPU
		{3767F617-68CB-49CD-9ADB-828C4E2D4D73}.Release|Any CPU.ActiveCfg = Release|Any CPU
		{3767F617-68CB-49CD-9ADB-828C4E2D4D73}.Release|Any CPU.Build.0 = Release|Any CPU
		{3767F617-68CB-49CD-9ADB-828C4E2D4D73}.Release|x64.ActiveCfg = Release|Any CPU
		{3767F617-68CB-49CD-9ADB-828C4E2D4D73}.Release|x64.Build.0 = Release|Any CPU
		{EEB2B9DC-E131-46CF-AAC3-6AB662D67DBE}.Debug|Any CPU.ActiveCfg = Debug|Any CPU
		{EEB2B9DC-E131-46CF-AAC3-6AB662D67DBE}.Debug|Any CPU.Build.0 = Debug|Any CPU
		{EEB2B9DC-E131-46CF-AAC3-6AB662D67DBE}.Debug|x64.ActiveCfg = Debug|Any CPU
		{EEB2B9DC-E131-46CF-AAC3-6AB662D67DBE}.Debug|x64.Build.0 = Debug|Any CPU
		{EEB2B9DC-E131-46CF-AAC3-6AB662D67DBE}.Release|Any CPU.ActiveCfg = Release|Any CPU
		{EEB2B9DC-E131-46CF-AAC3-6AB662D67DBE}.Release|Any CPU.Build.0 = Release|Any CPU
		{EEB2B9DC-E131-46CF-AAC3-6AB662D67DBE}.Release|x64.ActiveCfg = Release|Any CPU
		{EEB2B9DC-E131-46CF-AAC3-6AB662D67DBE}.Release|x64.Build.0 = Release|Any CPU
		{E22933E4-0571-4997-93DD-AAE65FF517F7}.Debug|Any CPU.ActiveCfg = Debug|Any CPU
		{E22933E4-0571-4997-93DD-AAE65FF517F7}.Debug|Any CPU.Build.0 = Debug|Any CPU
		{E22933E4-0571-4997-93DD-AAE65FF517F7}.Debug|x64.ActiveCfg = Debug|Any CPU
		{E22933E4-0571-4997-93DD-AAE65FF517F7}.Debug|x64.Build.0 = Debug|Any CPU
		{E22933E4-0571-4997-93DD-AAE65FF517F7}.Release|Any CPU.ActiveCfg = Release|Any CPU
		{E22933E4-0571-4997-93DD-AAE65FF517F7}.Release|Any CPU.Build.0 = Release|Any CPU
		{E22933E4-0571-4997-93DD-AAE65FF517F7}.Release|x64.ActiveCfg = Release|Any CPU
		{E22933E4-0571-4997-93DD-AAE65FF517F7}.Release|x64.Build.0 = Release|Any CPU
		{CF92A709-525F-450E-858F-A6AD8EDC16BA}.Debug|Any CPU.ActiveCfg = Debug|Any CPU
		{CF92A709-525F-450E-858F-A6AD8EDC16BA}.Debug|Any CPU.Build.0 = Debug|Any CPU
		{CF92A709-525F-450E-858F-A6AD8EDC16BA}.Debug|x64.ActiveCfg = Debug|Any CPU
		{CF92A709-525F-450E-858F-A6AD8EDC16BA}.Debug|x64.Build.0 = Debug|Any CPU
		{CF92A709-525F-450E-858F-A6AD8EDC16BA}.Release|Any CPU.ActiveCfg = Release|Any CPU
		{CF92A709-525F-450E-858F-A6AD8EDC16BA}.Release|Any CPU.Build.0 = Release|Any CPU
		{CF92A709-525F-450E-858F-A6AD8EDC16BA}.Release|x64.ActiveCfg = Release|Any CPU
		{CF92A709-525F-450E-858F-A6AD8EDC16BA}.Release|x64.Build.0 = Release|Any CPU
		{F549AE41-5B0F-4F46-B11C-3A9D27F749FB}.Debug|Any CPU.ActiveCfg = Debug|Any CPU
		{F549AE41-5B0F-4F46-B11C-3A9D27F749FB}.Debug|Any CPU.Build.0 = Debug|Any CPU
		{F549AE41-5B0F-4F46-B11C-3A9D27F749FB}.Debug|x64.ActiveCfg = Debug|Any CPU
		{F549AE41-5B0F-4F46-B11C-3A9D27F749FB}.Debug|x64.Build.0 = Debug|Any CPU
		{F549AE41-5B0F-4F46-B11C-3A9D27F749FB}.Release|Any CPU.ActiveCfg = Release|Any CPU
		{F549AE41-5B0F-4F46-B11C-3A9D27F749FB}.Release|Any CPU.Build.0 = Release|Any CPU
		{F549AE41-5B0F-4F46-B11C-3A9D27F749FB}.Release|x64.ActiveCfg = Release|Any CPU
		{F549AE41-5B0F-4F46-B11C-3A9D27F749FB}.Release|x64.Build.0 = Release|Any CPU
		{3CE7B602-8AE0-43EC-9FC4-4D2AF3ED27B3}.Debug|Any CPU.ActiveCfg = Debug|Any CPU
		{3CE7B602-8AE0-43EC-9FC4-4D2AF3ED27B3}.Debug|Any CPU.Build.0 = Debug|Any CPU
		{3CE7B602-8AE0-43EC-9FC4-4D2AF3ED27B3}.Debug|x64.ActiveCfg = Debug|Any CPU
		{3CE7B602-8AE0-43EC-9FC4-4D2AF3ED27B3}.Debug|x64.Build.0 = Debug|Any CPU
		{3CE7B602-8AE0-43EC-9FC4-4D2AF3ED27B3}.Release|Any CPU.ActiveCfg = Release|Any CPU
		{3CE7B602-8AE0-43EC-9FC4-4D2AF3ED27B3}.Release|Any CPU.Build.0 = Release|Any CPU
		{3CE7B602-8AE0-43EC-9FC4-4D2AF3ED27B3}.Release|x64.ActiveCfg = Release|Any CPU
		{3CE7B602-8AE0-43EC-9FC4-4D2AF3ED27B3}.Release|x64.Build.0 = Release|Any CPU
		{7A2FF93E-975A-4F2B-87B7-49C97FDA316F}.Debug|Any CPU.ActiveCfg = Debug|Any CPU
		{7A2FF93E-975A-4F2B-87B7-49C97FDA316F}.Debug|Any CPU.Build.0 = Debug|Any CPU
		{7A2FF93E-975A-4F2B-87B7-49C97FDA316F}.Debug|x64.ActiveCfg = Debug|Any CPU
		{7A2FF93E-975A-4F2B-87B7-49C97FDA316F}.Debug|x64.Build.0 = Debug|Any CPU
		{7A2FF93E-975A-4F2B-87B7-49C97FDA316F}.Release|Any CPU.ActiveCfg = Release|Any CPU
		{7A2FF93E-975A-4F2B-87B7-49C97FDA316F}.Release|Any CPU.Build.0 = Release|Any CPU
		{7A2FF93E-975A-4F2B-87B7-49C97FDA316F}.Release|x64.ActiveCfg = Release|Any CPU
		{7A2FF93E-975A-4F2B-87B7-49C97FDA316F}.Release|x64.Build.0 = Release|Any CPU
		{B9F02A14-1BBB-4A29-84BE-5B8155D92000}.Debug|Any CPU.ActiveCfg = Debug|Any CPU
		{B9F02A14-1BBB-4A29-84BE-5B8155D92000}.Debug|Any CPU.Build.0 = Debug|Any CPU
		{B9F02A14-1BBB-4A29-84BE-5B8155D92000}.Debug|x64.ActiveCfg = Debug|Any CPU
		{B9F02A14-1BBB-4A29-84BE-5B8155D92000}.Debug|x64.Build.0 = Debug|Any CPU
		{B9F02A14-1BBB-4A29-84BE-5B8155D92000}.Release|Any CPU.ActiveCfg = Release|Any CPU
		{B9F02A14-1BBB-4A29-84BE-5B8155D92000}.Release|Any CPU.Build.0 = Release|Any CPU
		{B9F02A14-1BBB-4A29-84BE-5B8155D92000}.Release|x64.ActiveCfg = Release|Any CPU
		{B9F02A14-1BBB-4A29-84BE-5B8155D92000}.Release|x64.Build.0 = Release|Any CPU
	EndGlobalSection
	GlobalSection(SolutionProperties) = preSolution
		HideSolutionNode = FALSE
	EndGlobalSection
	GlobalSection(NestedProjects) = preSolution
		{4CEF569A-4ECE-42EE-847B-5029958F757C} = {AC53D98C-87A1-42D9-859E-4182316C25AB}
		{677A19C0-B2D4-4153-8DC9-0713C7193ECE} = {AC53D98C-87A1-42D9-859E-4182316C25AB}
		{EFA1DA73-0C34-4BFB-9006-DCFFA12218ED} = {AC53D98C-87A1-42D9-859E-4182316C25AB}
		{3767F617-68CB-49CD-9ADB-828C4E2D4D73} = {F28AC463-2553-4704-AE77-B9A356E953BC}
		{EEB2B9DC-E131-46CF-AAC3-6AB662D67DBE} = {AC53D98C-87A1-42D9-859E-4182316C25AB}
		{E22933E4-0571-4997-93DD-AAE65FF517F7} = {AC53D98C-87A1-42D9-859E-4182316C25AB}
		{CF92A709-525F-450E-858F-A6AD8EDC16BA} = {AC53D98C-87A1-42D9-859E-4182316C25AB}
		{F549AE41-5B0F-4F46-B11C-3A9D27F749FB} = {F28AC463-2553-4704-AE77-B9A356E953BC}
		{3CE7B602-8AE0-43EC-9FC4-4D2AF3ED27B3} = {AC53D98C-87A1-42D9-859E-4182316C25AB}
		{7A2FF93E-975A-4F2B-87B7-49C97FDA316F} = {AC53D98C-87A1-42D9-859E-4182316C25AB}
		{B9F02A14-1BBB-4A29-84BE-5B8155D92000} = {AC53D98C-87A1-42D9-859E-4182316C25AB}
	EndGlobalSection
	GlobalSection(ExtensibilityGlobals) = postSolution
		SolutionGuid = {B2F698BE-CFC6-42C3-B03D-0E3F638C62A0}
	EndGlobalSection
	GlobalSection(Performance) = preSolution
		HasPerformanceSessions = true
	EndGlobalSection
	GlobalSection(Performance) = preSolution
		HasPerformanceSessions = true
	EndGlobalSection
	GlobalSection(Performance) = preSolution
		HasPerformanceSessions = true
	EndGlobalSection
	GlobalSection(Performance) = preSolution
		HasPerformanceSessions = true
	EndGlobalSection
	GlobalSection(Performance) = preSolution
		HasPerformanceSessions = true
	EndGlobalSection
	GlobalSection(Performance) = preSolution
		HasPerformanceSessions = true
	EndGlobalSection
	GlobalSection(Performance) = preSolution
		HasPerformanceSessions = true
	EndGlobalSection
	GlobalSection(Performance) = preSolution
		HasPerformanceSessions = true
	EndGlobalSection
	GlobalSection(Performance) = preSolution
		HasPerformanceSessions = true
	EndGlobalSection
	GlobalSection(Performance) = preSolution
		HasPerformanceSessions = true
	EndGlobalSection
	GlobalSection(Performance) = preSolution
		HasPerformanceSessions = true
	EndGlobalSection
	GlobalSection(Performance) = preSolution
		HasPerformanceSessions = true
	EndGlobalSection
	GlobalSection(Performance) = preSolution
		HasPerformanceSessions = true
	EndGlobalSection
	GlobalSection(Performance) = preSolution
		HasPerformanceSessions = true
	EndGlobalSection
	GlobalSection(Performance) = preSolution
		HasPerformanceSessions = true
	EndGlobalSection
	GlobalSection(Performance) = preSolution
		HasPerformanceSessions = true
	EndGlobalSection
	GlobalSection(Performance) = preSolution
		HasPerformanceSessions = true
	EndGlobalSection
	GlobalSection(Performance) = preSolution
		HasPerformanceSessions = true
	EndGlobalSection
	GlobalSection(Performance) = preSolution
		HasPerformanceSessions = true
	EndGlobalSection
	GlobalSection(Performance) = preSolution
		HasPerformanceSessions = true
	EndGlobalSection
	GlobalSection(Performance) = preSolution
		HasPerformanceSessions = true
	EndGlobalSection
	GlobalSection(Performance) = preSolution
		HasPerformanceSessions = true
	EndGlobalSection
	GlobalSection(Performance) = preSolution
		HasPerformanceSessions = true
	EndGlobalSection
	GlobalSection(Performance) = preSolution
		HasPerformanceSessions = true
	EndGlobalSection
	GlobalSection(Performance) = preSolution
		HasPerformanceSessions = true
	EndGlobalSection
	GlobalSection(Performance) = preSolution
		HasPerformanceSessions = true
	EndGlobalSection
	GlobalSection(Performance) = preSolution
		HasPerformanceSessions = true
	EndGlobalSection
	GlobalSection(Performance) = preSolution
		HasPerformanceSessions = true
	EndGlobalSection
	GlobalSection(Performance) = preSolution
		HasPerformanceSessions = true
	EndGlobalSection
	GlobalSection(Performance) = preSolution
		HasPerformanceSessions = true
	EndGlobalSection
	GlobalSection(Performance) = preSolution
		HasPerformanceSessions = true
	EndGlobalSection
	GlobalSection(Performance) = preSolution
		HasPerformanceSessions = true
	EndGlobalSection
	GlobalSection(Performance) = preSolution
		HasPerformanceSessions = true
	EndGlobalSection
	GlobalSection(Performance) = preSolution
		HasPerformanceSessions = true
	EndGlobalSection
	GlobalSection(Performance) = preSolution
		HasPerformanceSessions = true
	EndGlobalSection
	GlobalSection(Performance) = preSolution
		HasPerformanceSessions = true
	EndGlobalSection
	GlobalSection(Performance) = preSolution
		HasPerformanceSessions = true
	EndGlobalSection
	GlobalSection(Performance) = preSolution
		HasPerformanceSessions = true
	EndGlobalSection
	GlobalSection(Performance) = preSolution
		HasPerformanceSessions = true
	EndGlobalSection
	GlobalSection(Performance) = preSolution
		HasPerformanceSessions = true
	EndGlobalSection
	GlobalSection(Performance) = preSolution
		HasPerformanceSessions = true
	EndGlobalSection
	GlobalSection(Performance) = preSolution
		HasPerformanceSessions = true
	EndGlobalSection
	GlobalSection(Performance) = preSolution
		HasPerformanceSessions = true
	EndGlobalSection
	GlobalSection(Performance) = preSolution
		HasPerformanceSessions = true
	EndGlobalSection
	GlobalSection(Performance) = preSolution
		HasPerformanceSessions = true
	EndGlobalSection
	GlobalSection(Performance) = preSolution
		HasPerformanceSessions = true
	EndGlobalSection
	GlobalSection(Performance) = preSolution
		HasPerformanceSessions = true
	EndGlobalSection
	GlobalSection(Performance) = preSolution
		HasPerformanceSessions = true
	EndGlobalSection
	GlobalSection(Performance) = preSolution
		HasPerformanceSessions = true
	EndGlobalSection
	GlobalSection(Performance) = preSolution
		HasPerformanceSessions = true
	EndGlobalSection
	GlobalSection(Performance) = preSolution
		HasPerformanceSessions = true
	EndGlobalSection
	GlobalSection(Performance) = preSolution
		HasPerformanceSessions = true
	EndGlobalSection
	GlobalSection(Performance) = preSolution
		HasPerformanceSessions = true
	EndGlobalSection
	GlobalSection(Performance) = preSolution
		HasPerformanceSessions = true
	EndGlobalSection
	GlobalSection(Performance) = preSolution
		HasPerformanceSessions = true
	EndGlobalSection
	GlobalSection(Performance) = preSolution
		HasPerformanceSessions = true
	EndGlobalSection
	GlobalSection(Performance) = preSolution
		HasPerformanceSessions = true
	EndGlobalSection
	GlobalSection(Performance) = preSolution
		HasPerformanceSessions = true
	EndGlobalSection
	GlobalSection(Performance) = preSolution
		HasPerformanceSessions = true
	EndGlobalSection
	GlobalSection(Performance) = preSolution
		HasPerformanceSessions = true
	EndGlobalSection
	GlobalSection(Performance) = preSolution
		HasPerformanceSessions = true
	EndGlobalSection
	GlobalSection(Performance) = preSolution
		HasPerformanceSessions = true
	EndGlobalSection
	GlobalSection(Performance) = preSolution
		HasPerformanceSessions = true
	EndGlobalSection
	GlobalSection(Performance) = preSolution
		HasPerformanceSessions = true
	EndGlobalSection
	GlobalSection(Performance) = preSolution
		HasPerformanceSessions = true
	EndGlobalSection
	GlobalSection(Performance) = preSolution
		HasPerformanceSessions = true
	EndGlobalSection
	GlobalSection(Performance) = preSolution
		HasPerformanceSessions = true
	EndGlobalSection
	GlobalSection(Performance) = preSolution
		HasPerformanceSessions = true
	EndGlobalSection
	GlobalSection(Performance) = preSolution
		HasPerformanceSessions = true
	EndGlobalSection
	GlobalSection(Performance) = preSolution
		HasPerformanceSessions = true
	EndGlobalSection
	GlobalSection(Performance) = preSolution
		HasPerformanceSessions = true
	EndGlobalSection
	GlobalSection(Performance) = preSolution
		HasPerformanceSessions = true
	EndGlobalSection
	GlobalSection(Performance) = preSolution
		HasPerformanceSessions = true
	EndGlobalSection
	GlobalSection(Performance) = preSolution
		HasPerformanceSessions = true
	EndGlobalSection
EndGlobal
