
Microsoft Visual Studio Solution File, Format Version 12.00
# Visual Studio 14
VisualStudioVersion = 14.0.25420.1
MinimumVisualStudioVersion = 10.0.40219.1
Project("{2150E333-8FDC-42A3-9474-1A3956D46DE8}") = "Core", "Core", "{AC53D98C-87A1-42D9-859E-4182316C25AB}"
	ProjectSection(SolutionItems) = preProject
		PasPasPas.Ruleset = PasPasPas.Ruleset
	EndProjectSection
EndProject
Project("{FAE04EC0-301F-11D3-BF4B-00C04F79EFBC}") = "PasPasPas.Infrastructure", "PasPasPas.Infrastructure\PasPasPas.Infrastructure.csproj", "{4CEF569A-4ECE-42EE-847B-5029958F757C}"
EndProject
Project("{FAE04EC0-301F-11D3-BF4B-00C04F79EFBC}") = "PasPasPas.Options", "Paspaspas.Options\PasPasPas.Options.csproj", "{677A19C0-B2D4-4153-8DC9-0713C7193ECE}"
EndProject
Project("{FAE04EC0-301F-11D3-BF4B-00C04F79EFBC}") = "PasPasPas.Parsing", "PasPasPas.Parsing\PasPasPas.Parsing.csproj", "{EFA1DA73-0C34-4BFB-9006-DCFFA12218ED}"
EndProject
Project("{2150E333-8FDC-42A3-9474-1A3956D46DE8}") = "Tests", "Tests", "{F28AC463-2553-4704-AE77-B9A356E953BC}"
EndProject
Project("{2150E333-8FDC-42A3-9474-1A3956D46DE8}") = "Platform", "Platform", "{9EF2045A-8E0D-4315-8754-8385F5776216}"
EndProject
Project("{FAE04EC0-301F-11D3-BF4B-00C04F79EFBC}") = "PasPasPas.DesktopPlatform", "PasPasPas.DesktopPlatform\PasPasPas.DesktopPlatform.csproj", "{8ADB6566-773F-4487-8611-2D8AD5337163}"
EndProject
Project("{2150E333-8FDC-42A3-9474-1A3956D46DE8}") = "Solution Items", "Solution Items", "{0F2B3F2A-F734-4F73-B2A7-9AC41898F3A8}"
	ProjectSection(SolutionItems) = preProject
		Tasks.txt = Tasks.txt
	EndProjectSection
EndProject
Project("{FAE04EC0-301F-11D3-BF4B-00C04F79EFBC}") = "PasPasPasTests", "PasPasPasTests\PasPasPasTests.csproj", "{3767F617-68CB-49CD-9ADB-828C4E2D4D73}"
EndProject
Project("{FAE04EC0-301F-11D3-BF4B-00C04F79EFBC}") = "PasPasPas.Building", "PasPasPas.Building\PasPasPas.Building.csproj", "{EEB2B9DC-E131-46CF-AAC3-6AB662D67DBE}"
EndProject
Project("{FAE04EC0-301F-11D3-BF4B-00C04F79EFBC}") = "ParserRunner", "ParserRunner\ParserRunner.csproj", "{804E4A76-D32D-49C3-B8DD-9EB999933E00}"
EndProject
Project("{FAE04EC0-301F-11D3-BF4B-00C04F79EFBC}") = "P3SyntaxTreeViewer", "P3SyntaxTreeViewer\P3SyntaxTreeViewer.csproj", "{B3649E9A-4BCC-437B-B233-D4C71A175E66}"
EndProject
Global
	GlobalSection(SolutionConfigurationPlatforms) = preSolution
		Debug|Any CPU = Debug|Any CPU
		Release|Any CPU = Release|Any CPU
	EndGlobalSection
	GlobalSection(ProjectConfigurationPlatforms) = postSolution
		{4CEF569A-4ECE-42EE-847B-5029958F757C}.Debug|Any CPU.ActiveCfg = Debug|Any CPU
		{4CEF569A-4ECE-42EE-847B-5029958F757C}.Debug|Any CPU.Build.0 = Debug|Any CPU
		{4CEF569A-4ECE-42EE-847B-5029958F757C}.Release|Any CPU.ActiveCfg = Release|Any CPU
		{4CEF569A-4ECE-42EE-847B-5029958F757C}.Release|Any CPU.Build.0 = Release|Any CPU
		{677A19C0-B2D4-4153-8DC9-0713C7193ECE}.Debug|Any CPU.ActiveCfg = Debug|Any CPU
		{677A19C0-B2D4-4153-8DC9-0713C7193ECE}.Debug|Any CPU.Build.0 = Debug|Any CPU
		{677A19C0-B2D4-4153-8DC9-0713C7193ECE}.Release|Any CPU.ActiveCfg = Release|Any CPU
		{677A19C0-B2D4-4153-8DC9-0713C7193ECE}.Release|Any CPU.Build.0 = Release|Any CPU
		{EFA1DA73-0C34-4BFB-9006-DCFFA12218ED}.Debug|Any CPU.ActiveCfg = Debug|Any CPU
		{EFA1DA73-0C34-4BFB-9006-DCFFA12218ED}.Debug|Any CPU.Build.0 = Debug|Any CPU
		{EFA1DA73-0C34-4BFB-9006-DCFFA12218ED}.Release|Any CPU.ActiveCfg = Release|Any CPU
		{EFA1DA73-0C34-4BFB-9006-DCFFA12218ED}.Release|Any CPU.Build.0 = Release|Any CPU
		{8ADB6566-773F-4487-8611-2D8AD5337163}.Debug|Any CPU.ActiveCfg = Debug|Any CPU
		{8ADB6566-773F-4487-8611-2D8AD5337163}.Debug|Any CPU.Build.0 = Debug|Any CPU
		{8ADB6566-773F-4487-8611-2D8AD5337163}.Release|Any CPU.ActiveCfg = Release|Any CPU
		{8ADB6566-773F-4487-8611-2D8AD5337163}.Release|Any CPU.Build.0 = Release|Any CPU
		{3767F617-68CB-49CD-9ADB-828C4E2D4D73}.Debug|Any CPU.ActiveCfg = Debug|Any CPU
		{3767F617-68CB-49CD-9ADB-828C4E2D4D73}.Debug|Any CPU.Build.0 = Debug|Any CPU
		{3767F617-68CB-49CD-9ADB-828C4E2D4D73}.Release|Any CPU.ActiveCfg = Release|Any CPU
		{3767F617-68CB-49CD-9ADB-828C4E2D4D73}.Release|Any CPU.Build.0 = Release|Any CPU
		{EEB2B9DC-E131-46CF-AAC3-6AB662D67DBE}.Debug|Any CPU.ActiveCfg = Debug|Any CPU
		{EEB2B9DC-E131-46CF-AAC3-6AB662D67DBE}.Debug|Any CPU.Build.0 = Debug|Any CPU
		{EEB2B9DC-E131-46CF-AAC3-6AB662D67DBE}.Release|Any CPU.ActiveCfg = Release|Any CPU
		{EEB2B9DC-E131-46CF-AAC3-6AB662D67DBE}.Release|Any CPU.Build.0 = Release|Any CPU
		{804E4A76-D32D-49C3-B8DD-9EB999933E00}.Debug|Any CPU.ActiveCfg = Debug|Any CPU
		{804E4A76-D32D-49C3-B8DD-9EB999933E00}.Debug|Any CPU.Build.0 = Debug|Any CPU
		{804E4A76-D32D-49C3-B8DD-9EB999933E00}.Release|Any CPU.ActiveCfg = Release|Any CPU
		{804E4A76-D32D-49C3-B8DD-9EB999933E00}.Release|Any CPU.Build.0 = Release|Any CPU
		{B3649E9A-4BCC-437B-B233-D4C71A175E66}.Debug|Any CPU.ActiveCfg = Debug|Any CPU
		{B3649E9A-4BCC-437B-B233-D4C71A175E66}.Debug|Any CPU.Build.0 = Debug|Any CPU
		{B3649E9A-4BCC-437B-B233-D4C71A175E66}.Release|Any CPU.ActiveCfg = Release|Any CPU
		{B3649E9A-4BCC-437B-B233-D4C71A175E66}.Release|Any CPU.Build.0 = Release|Any CPU
	EndGlobalSection
	GlobalSection(SolutionProperties) = preSolution
		HideSolutionNode = FALSE
	EndGlobalSection
	GlobalSection(NestedProjects) = preSolution
		{4CEF569A-4ECE-42EE-847B-5029958F757C} = {AC53D98C-87A1-42D9-859E-4182316C25AB}
		{677A19C0-B2D4-4153-8DC9-0713C7193ECE} = {AC53D98C-87A1-42D9-859E-4182316C25AB}
		{EFA1DA73-0C34-4BFB-9006-DCFFA12218ED} = {AC53D98C-87A1-42D9-859E-4182316C25AB}
		{8ADB6566-773F-4487-8611-2D8AD5337163} = {9EF2045A-8E0D-4315-8754-8385F5776216}
		{3767F617-68CB-49CD-9ADB-828C4E2D4D73} = {F28AC463-2553-4704-AE77-B9A356E953BC}
		{EEB2B9DC-E131-46CF-AAC3-6AB662D67DBE} = {AC53D98C-87A1-42D9-859E-4182316C25AB}
		{804E4A76-D32D-49C3-B8DD-9EB999933E00} = {F28AC463-2553-4704-AE77-B9A356E953BC}
		{B3649E9A-4BCC-437B-B233-D4C71A175E66} = {F28AC463-2553-4704-AE77-B9A356E953BC}
	EndGlobalSection
EndGlobal
